
Microsoft Visual Studio Solution File, Format Version 12.00
# Visual Studio Version 17
VisualStudioVersion = 17.14.36518.9 d17.14
MinimumVisualStudioVersion = 10.0.40219.1
Project("{FAE04EC0-301F-11D3-BF4B-00C04F79EFBC}") = "Devices.Console.", "Devices.Console\Devices.Console..csproj", "{7869E264-45D0-4A3D-8570-8C9EA009E03D}"
EndProject
Project("{FAE04EC0-301F-11D3-BF4B-00C04F79EFBC}") = "Devices.Common", "Divaces.Common\Devices.Common.csproj", "{0F7791F1-E810-4146-91C9-BDBDBBEE7964}"
EndProject
Global
	GlobalSection(SolutionConfigurationPlatforms) = preSolution
		Debug|Any CPU = Debug|Any CPU
		Release|Any CPU = Release|Any CPU
	EndGlobalSection
	GlobalSection(ProjectConfigurationPlatforms) = postSolution
		{7869E264-45D0-4A3D-8570-8C9EA009E03D}.Debug|Any CPU.ActiveCfg = Debug|Any CPU
		{7869E264-45D0-4A3D-8570-8C9EA009E03D}.Debug|Any CPU.Build.0 = Debug|Any CPU
		{7869E264-45D0-4A3D-8570-8C9EA009E03D}.Release|Any CPU.ActiveCfg = Release|Any CPU
		{7869E264-45D0-4A3D-8570-8C9EA009E03D}.Release|Any CPU.Build.0 = Release|Any CPU
		{0F7791F1-E810-4146-91C9-BDBDBBEE7964}.Debug|Any CPU.ActiveCfg = Debug|Any CPU
		{0F7791F1-E810-4146-91C9-BDBDBBEE7964}.Debug|Any CPU.Build.0 = Debug|Any CPU
		{0F7791F1-E810-4146-91C9-BDBDBBEE7964}.Release|Any CPU.ActiveCfg = Release|Any CPU
		{0F7791F1-E810-4146-91C9-BDBDBBEE7964}.Release|Any CPU.Build.0 = Release|Any CPU
	EndGlobalSection
	GlobalSection(SolutionProperties) = preSolution
		HideSolutionNode = FALSE
	EndGlobalSection
	GlobalSection(ExtensibilityGlobals) = postSolution
		SolutionGuid = {693740C1-8406-44DB-BEF5-EA84BE6A78A2}
	EndGlobalSection
EndGlobal
